
Microsoft Visual Studio Solution File, Format Version 12.00
# Visual Studio Version 16
VisualStudioVersion = 16.0.29424.173
MinimumVisualStudioVersion = 10.0.40219.1
Project("{FAE04EC0-301F-11D3-BF4B-00C04F79EFBC}") = "Order2", "Order2\Order2.csproj", "{F4C2C0ED-D988-446C-9B9A-C87AB2328625}"
EndProject
Global
	GlobalSection(SolutionConfigurationPlatforms) = preSolution
		Debug|Any CPU = Debug|Any CPU
		Release|Any CPU = Release|Any CPU
	EndGlobalSection
	GlobalSection(ProjectConfigurationPlatforms) = postSolution
		{F4C2C0ED-D988-446C-9B9A-C87AB2328625}.Debug|Any CPU.ActiveCfg = Debug|Any CPU
		{F4C2C0ED-D988-446C-9B9A-C87AB2328625}.Debug|Any CPU.Build.0 = Debug|Any CPU
		{F4C2C0ED-D988-446C-9B9A-C87AB2328625}.Release|Any CPU.ActiveCfg = Release|Any CPU
		{F4C2C0ED-D988-446C-9B9A-C87AB2328625}.Release|Any CPU.Build.0 = Release|Any CPU
	EndGlobalSection
	GlobalSection(SolutionProperties) = preSolution
		HideSolutionNode = FALSE
	EndGlobalSection
	GlobalSection(ExtensibilityGlobals) = postSolution
		SolutionGuid = {5B4AD3EC-B706-41CE-B2E9-D8E906ABB696}
	EndGlobalSection
EndGlobal
